{
  "lockfileVersion": 1,
  "configVersion": 0,
  "workspaces": {
    "": {
      "name": "npm-features",
      "dependencies": {
        "@aws-cdk/cloud-assembly-schema": "38.0.1",
      },
      "devDependencies": {
        "@antfu/ni": "0.21.12",
      },
    },
  },
  "packages": {
    "@antfu/ni": ["@antfu/ni@0.21.12", "", { "bin": { "na": "bin/na.mjs", "nci": "bin/nci.mjs", "ni": "bin/ni.mjs", "nlx": "bin/nlx.mjs", "nr": "bin/nr.mjs", "nu": "bin/nu.mjs", "nun": "bin/nun.mjs" } }, "sha512-2aDL3WUv8hMJb2L3r/PIQWsTLyq7RQr3v9xD16fiz6O8ys1xEyLhhTOv8gxtZvJiTzjTF5pHoArvRdesGL1DMQ=="],

    "@aws-cdk/cloud-assembly-schema": ["@aws-cdk/cloud-assembly-schema@38.0.1", "", {}, "sha512-KvPe+NMWAulfNVwY7jenFhzhuLhLqJ/OPy5jx7wUstbjnYnjRVLpUHPU3yCjXFE0J8cuJVdx95BJ4rOs66Pi9w=="],
  }
}
