{
  "name": "npm-features",
  "version": "1.0.0",
  "lockfileVersion": 3,
  "requires": true,
  "packages": {
    "": {
      "name": "npm-features",
      "version": "1.0.0",
      "dependencies": {
        "@aws-cdk/cloud-assembly-schema": "38.0.1"
      },
      "devDependencies": {
        "@antfu/ni": "0.21.12"
      }
    },
    "node_modules/@antfu/ni": {
      "version": "0.21.12",
      "resolved": "https://registry.npmjs.org/@antfu/ni/-/ni-0.21.12.tgz",
      "integrity": "sha512-2aDL3WUv8hMJb2L3r/PIQWsTLyq7RQr3v9xD16fiz6O8ys1xEyLhhTOv8gxtZvJiTzjTF5pHoArvRdesGL1DMQ==",
      "dev": true,
      "license": "MIT",
      "bin": {
        "na": "bin/na.mjs",
        "nci": "bin/nci.mjs",
        "ni": "bin/ni.mjs",
        "nlx": "bin/nlx.mjs",
        "nr": "bin/nr.mjs",
        "nu": "bin/nu.mjs",
        "nun": "bin/nun.mjs"
      }
    },
    "node_modules/@aws-cdk/cloud-assembly-schema": {
      "version": "38.0.1",
      "resolved": "https://registry.npmjs.org/@aws-cdk/cloud-assembly-schema/-/cloud-assembly-schema-38.0.1.tgz",
      "integrity": "sha512-KvPe+NMWAulfNVwY7jenFhzhuLhLqJ/OPy5jx7wUstbjnYnjRVLpUHPU3yCjXFE0J8cuJVdx95BJ4rOs66Pi9w==",
      "bundleDependencies": [
        "jsonschema",
        "semver"
      ],
      "license": "Apache-2.0",
      "dependencies": {
        "jsonschema": "^1.4.1",
        "semver": "^7.6.3"
      }
    },
    "node_modules/@aws-cdk/cloud-assembly-schema/node_modules/jsonschema": {
      "version": "1.4.1",
      "inBundle": true,
      "license": "MIT",
      "engines": {
        "node": "*"
      }
    },
    "node_modules/@aws-cdk/cloud-assembly-schema/node_modules/semver": {
      "version": "7.6.3",
      "inBundle": true,
      "license": "ISC",
      "bin": {
        "semver": "bin/semver.js"
      },
      "engines": {
        "node": ">=10"
      }
    }
  }
}
